// !$*UTF8*$!
{
	archiveVersion = 1;
	classes = {
	};
	objectVersion = 48;
	objects = {

/* Begin PBXBuildFile section */
		FA2B6106201FC106001DD8F2 /* AppDelegate.swift in Sources */ = {isa = PBXBuildFile; fileRef = FA2B6105201FC106001DD8F2 /* AppDelegate.swift */; };
		FA2B6108201FC106001DD8F2 /* ViewController.swift in Sources */ = {isa = PBXBuildFile; fileRef = FA2B6107201FC106001DD8F2 /* ViewController.swift */; };
		FA2B610B201FC106001DD8F2 /* Main.storyboard in Resources */ = {isa = PBXBuildFile; fileRef = FA2B6109201FC106001DD8F2 /* Main.storyboard */; };
		FA2B610E201FC106001DD8F2 /* twoButtonAppEricW.xcdatamodeld in Sources */ = {isa = PBXBuildFile; fileRef = FA2B610C201FC106001DD8F2 /* twoButtonAppEricW.xcdatamodeld */; };
		FA2B6110201FC106001DD8F2 /* Assets.xcassets in Resources */ = {isa = PBXBuildFile; fileRef = FA2B610F201FC106001DD8F2 /* Assets.xcassets */; };
		FA2B6113201FC106001DD8F2 /* LaunchScreen.storyboard in Resources */ = {isa = PBXBuildFile; fileRef = FA2B6111201FC106001DD8F2 /* LaunchScreen.storyboard */; };
		FA2B611E201FC106001DD8F2 /* twoButtonAppEricWTests.swift in Sources */ = {isa = PBXBuildFile; fileRef = FA2B611D201FC106001DD8F2 /* twoButtonAppEricWTests.swift */; };
		FA2B6129201FC106001DD8F2 /* twoButtonAppEricWUITests.swift in Sources */ = {isa = PBXBuildFile; fileRef = FA2B6128201FC106001DD8F2 /* twoButtonAppEricWUITests.swift */; };
/* End PBXBuildFile section */

/* Begin PBXContainerItemProxy section */
		FA2B611A201FC106001DD8F2 /* PBXContainerItemProxy */ = {
			isa = PBXContainerItemProxy;
			containerPortal = FA2B60FA201FC105001DD8F2 /* Project object */;
			proxyType = 1;
			remoteGlobalIDString = FA2B6101201FC105001DD8F2;
			remoteInfo = twoButtonAppEricW;
		};
		FA2B6125201FC106001DD8F2 /* PBXContainerItemProxy */ = {
			isa = PBXContainerItemProxy;
			containerPortal = FA2B60FA201FC105001DD8F2 /* Project object */;
			proxyType = 1;
			remoteGlobalIDString = FA2B6101201FC105001DD8F2;
			remoteInfo = twoButtonAppEricW;
		};
/* End PBXContainerItemProxy section */

/* Begin PBXFileReference section */
		FA2B6102201FC105001DD8F2 /* twoButtonAppEricW.app */ = {isa = PBXFileReference; explicitFileType = wrapper.application; includeInIndex = 0; path = twoButtonAppEricW.app; sourceTree = BUILT_PRODUCTS_DIR; };
		FA2B6105201FC106001DD8F2 /* AppDelegate.swift */ = {isa = PBXFileReference; lastKnownFileType = sourcecode.swift; path = AppDelegate.swift; sourceTree = "<group>"; };
		FA2B6107201FC106001DD8F2 /* ViewController.swift */ = {isa = PBXFileReference; lastKnownFileType = sourcecode.swift; path = ViewController.swift; sourceTree = "<group>"; };
		FA2B610A201FC106001DD8F2 /* Base */ = {isa = PBXFileReference; lastKnownFileType = file.storyboard; name = Base; path = Base.lproj/Main.storyboard; sourceTree = "<group>"; };
		FA2B610D201FC106001DD8F2 /* twoButtonAppEricW.xcdatamodel */ = {isa = PBXFileReference; lastKnownFileType = wrapper.xcdatamodel; path = twoButtonAppEricW.xcdatamodel; sourceTree = "<group>"; };
		FA2B610F201FC106001DD8F2 /* Assets.xcassets */ = {isa = PBXFileReference; lastKnownFileType = folder.assetcatalog; path = Assets.xcassets; sourceTree = "<group>"; };
		FA2B6112201FC106001DD8F2 /* Base */ = {isa = PBXFileReference; lastKnownFileType = file.storyboard; name = Base; path = Base.lproj/LaunchScreen.storyboard; sourceTree = "<group>"; };
		FA2B6114201FC106001DD8F2 /* Info.plist */ = {isa = PBXFileReference; lastKnownFileType = text.plist.xml; path = Info.plist; sourceTree = "<group>"; };
		FA2B6119201FC106001DD8F2 /* twoButtonAppEricWTests.xctest */ = {isa = PBXFileReference; explicitFileType = wrapper.cfbundle; includeInIndex = 0; path = twoButtonAppEricWTests.xctest; sourceTree = BUILT_PRODUCTS_DIR; };
		FA2B611D201FC106001DD8F2 /* twoButtonAppEricWTests.swift */ = {isa = PBXFileReference; lastKnownFileType = sourcecode.swift; path = twoButtonAppEricWTests.swift; sourceTree = "<group>"; };
		FA2B611F201FC106001DD8F2 /* Info.plist */ = {isa = PBXFileReference; lastKnownFileType = text.plist.xml; path = Info.plist; sourceTree = "<group>"; };
		FA2B6124201FC106001DD8F2 /* twoButtonAppEricWUITests.xctest */ = {isa = PBXFileReference; explicitFileType = wrapper.cfbundle; includeInIndex = 0; path = twoButtonAppEricWUITests.xctest; sourceTree = BUILT_PRODUCTS_DIR; };
		FA2B6128201FC106001DD8F2 /* twoButtonAppEricWUITests.swift */ = {isa = PBXFileReference; lastKnownFileType = sourcecode.swift; path = twoButtonAppEricWUITests.swift; sourceTree = "<group>"; };
		FA2B612A201FC106001DD8F2 /* Info.plist */ = {isa = PBXFileReference; lastKnownFileType = text.plist.xml; path = Info.plist; sourceTree = "<group>"; };
/* End PBXFileReference section */

/* Begin PBXFrameworksBuildPhase section */
		FA2B60FF201FC105001DD8F2 /* Frameworks */ = {
			isa = PBXFrameworksBuildPhase;
			buildActionMask = 2147483647;
			files = (
			);
			runOnlyForDeploymentPostprocessing = 0;
		};
		FA2B6116201FC106001DD8F2 /* Frameworks */ = {
			isa = PBXFrameworksBuildPhase;
			buildActionMask = 2147483647;
			files = (
			);
			runOnlyForDeploymentPostprocessing = 0;
		};
		FA2B6121201FC106001DD8F2 /* Frameworks */ = {
			isa = PBXFrameworksBuildPhase;
			buildActionMask = 2147483647;
			files = (
			);
			runOnlyForDeploymentPostprocessing = 0;
		};
/* End PBXFrameworksBuildPhase section */

/* Begin PBXGroup section */
		FA2B60F9201FC105001DD8F2 = {
			isa = PBXGroup;
			children = (
				FA2B6104201FC105001DD8F2 /* twoButtonAppEricW */,
				FA2B611C201FC106001DD8F2 /* twoButtonAppEricWTests */,
				FA2B6127201FC106001DD8F2 /* twoButtonAppEricWUITests */,
				FA2B6103201FC105001DD8F2 /* Products */,
			);
			sourceTree = "<group>";
		};
		FA2B6103201FC105001DD8F2 /* Products */ = {
			isa = PBXGroup;
			children = (
				FA2B6102201FC105001DD8F2 /* twoButtonAppEricW.app */,
				FA2B6119201FC106001DD8F2 /* twoButtonAppEricWTests.xctest */,
				FA2B6124201FC106001DD8F2 /* twoButtonAppEricWUITests.xctest */,
			);
			name = Products;
			sourceTree = "<group>";
		};
		FA2B6104201FC105001DD8F2 /* twoButtonAppEricW */ = {
			isa = PBXGroup;
			children = (
				FA2B6105201FC106001DD8F2 /* AppDelegate.swift */,
				FA2B6107201FC106001DD8F2 /* ViewController.swift */,
				FA2B6109201FC106001DD8F2 /* Main.storyboard */,
				FA2B610F201FC106001DD8F2 /* Assets.xcassets */,
				FA2B6111201FC106001DD8F2 /* LaunchScreen.storyboard */,
				FA2B6114201FC106001DD8F2 /* Info.plist */,
				FA2B610C201FC106001DD8F2 /* twoButtonAppEricW.xcdatamodeld */,
			);
			path = twoButtonAppEricW;
			sourceTree = "<group>";
		};
		FA2B611C201FC106001DD8F2 /* twoButtonAppEricWTests */ = {
			isa = PBXGroup;
			children = (
				FA2B611D201FC106001DD8F2 /* twoButtonAppEricWTests.swift */,
				FA2B611F201FC106001DD8F2 /* Info.plist */,
			);
			path = twoButtonAppEricWTests;
			sourceTree = "<group>";
		};
		FA2B6127201FC106001DD8F2 /* twoButtonAppEricWUITests */ = {
			isa = PBXGroup;
			children = (
				FA2B6128201FC106001DD8F2 /* twoButtonAppEricWUITests.swift */,
				FA2B612A201FC106001DD8F2 /* Info.plist */,
			);
			path = twoButtonAppEricWUITests;
			sourceTree = "<group>";
		};
/* End PBXGroup section */

/* Begin PBXNativeTarget section */
		FA2B6101201FC105001DD8F2 /* twoButtonAppEricW */ = {
			isa = PBXNativeTarget;
			buildConfigurationList = FA2B612D201FC106001DD8F2 /* Build configuration list for PBXNativeTarget "twoButtonAppEricW" */;
			buildPhases = (
				FA2B60FE201FC105001DD8F2 /* Sources */,
				FA2B60FF201FC105001DD8F2 /* Frameworks */,
				FA2B6100201FC105001DD8F2 /* Resources */,
			);
			buildRules = (
			);
			dependencies = (
			);
			name = twoButtonAppEricW;
			productName = twoButtonAppEricW;
			productReference = FA2B6102201FC105001DD8F2 /* twoButtonAppEricW.app */;
			productType = "com.apple.product-type.application";
		};
		FA2B6118201FC106001DD8F2 /* twoButtonAppEricWTests */ = {
			isa = PBXNativeTarget;
			buildConfigurationList = FA2B6130201FC106001DD8F2 /* Build configuration list for PBXNativeTarget "twoButtonAppEricWTests" */;
			buildPhases = (
				FA2B6115201FC106001DD8F2 /* Sources */,
				FA2B6116201FC106001DD8F2 /* Frameworks */,
				FA2B6117201FC106001DD8F2 /* Resources */,
			);
			buildRules = (
			);
			dependencies = (
				FA2B611B201FC106001DD8F2 /* PBXTargetDependency */,
			);
			name = twoButtonAppEricWTests;
			productName = twoButtonAppEricWTests;
			productReference = FA2B6119201FC106001DD8F2 /* twoButtonAppEricWTests.xctest */;
			productType = "com.apple.product-type.bundle.unit-test";
		};
		FA2B6123201FC106001DD8F2 /* twoButtonAppEricWUITests */ = {
			isa = PBXNativeTarget;
			buildConfigurationList = FA2B6133201FC106001DD8F2 /* Build configuration list for PBXNativeTarget "twoButtonAppEricWUITests" */;
			buildPhases = (
				FA2B6120201FC106001DD8F2 /* Sources */,
				FA2B6121201FC106001DD8F2 /* Frameworks */,
				FA2B6122201FC106001DD8F2 /* Resources */,
			);
			buildRules = (
			);
			dependencies = (
				FA2B6126201FC106001DD8F2 /* PBXTargetDependency */,
			);
			name = twoButtonAppEricWUITests;
			productName = twoButtonAppEricWUITests;
			productReference = FA2B6124201FC106001DD8F2 /* twoButtonAppEricWUITests.xctest */;
			productType = "com.apple.product-type.bundle.ui-testing";
		};
/* End PBXNativeTarget section */

/* Begin PBXProject section */
		FA2B60FA201FC105001DD8F2 /* Project object */ = {
			isa = PBXProject;
			attributes = {
				LastSwiftUpdateCheck = 0920;
				LastUpgradeCheck = 0920;
				ORGANIZATIONNAME = "Eric Witowski";
				TargetAttributes = {
					FA2B6101201FC105001DD8F2 = {
						CreatedOnToolsVersion = 9.2;
						ProvisioningStyle = Automatic;
					};
					FA2B6118201FC106001DD8F2 = {
						CreatedOnToolsVersion = 9.2;
						ProvisioningStyle = Automatic;
						TestTargetID = FA2B6101201FC105001DD8F2;
					};
					FA2B6123201FC106001DD8F2 = {
						CreatedOnToolsVersion = 9.2;
						ProvisioningStyle = Automatic;
						TestTargetID = FA2B6101201FC105001DD8F2;
					};
				};
			};
			buildConfigurationList = FA2B60FD201FC105001DD8F2 /* Build configuration list for PBXProject "twoButtonAppEricW" */;
			compatibilityVersion = "Xcode 8.0";
			developmentRegion = en;
			hasScannedForEncodings = 0;
			knownRegions = (
				en,
				Base,
			);
			mainGroup = FA2B60F9201FC105001DD8F2;
			productRefGroup = FA2B6103201FC105001DD8F2 /* Products */;
			projectDirPath = "";
			projectRoot = "";
			targets = (
				FA2B6101201FC105001DD8F2 /* twoButtonAppEricW */,
				FA2B6118201FC106001DD8F2 /* twoButtonAppEricWTests */,
				FA2B6123201FC106001DD8F2 /* twoButtonAppEricWUITests */,
			);
		};
/* End PBXProject section */

/* Begin PBXResourcesBuildPhase section */
		FA2B6100201FC105001DD8F2 /* Resources */ = {
			isa = PBXResourcesBuildPhase;
			buildActionMask = 2147483647;
			files = (
				FA2B6113201FC106001DD8F2 /* LaunchScreen.storyboard in Resources */,
				FA2B6110201FC106001DD8F2 /* Assets.xcassets in Resources */,
				FA2B610B201FC106001DD8F2 /* Main.storyboard in Resources */,
			);
			runOnlyForDeploymentPostprocessing = 0;
		};
		FA2B6117201FC106001DD8F2 /* Resources */ = {
			isa = PBXResourcesBuildPhase;
			buildActionMask = 2147483647;
			files = (
			);
			runOnlyForDeploymentPostprocessing = 0;
		};
		FA2B6122201FC106001DD8F2 /* Resources */ = {
			isa = PBXResourcesBuildPhase;
			buildActionMask = 2147483647;
			files = (
			);
			runOnlyForDeploymentPostprocessing = 0;
		};
/* End PBXResourcesBuildPhase section */

/* Begin PBXSourcesBuildPhase section */
		FA2B60FE201FC105001DD8F2 /* Sources */ = {
			isa = PBXSourcesBuildPhase;
			buildActionMask = 2147483647;
			files = (
				FA2B610E201FC106001DD8F2 /* twoButtonAppEricW.xcdatamodeld in Sources */,
				FA2B6108201FC106001DD8F2 /* ViewController.swift in Sources */,
				FA2B6106201FC106001DD8F2 /* AppDelegate.swift in Sources */,
			);
			runOnlyForDeploymentPostprocessing = 0;
		};
		FA2B6115201FC106001DD8F2 /* Sources */ = {
			isa = PBXSourcesBuildPhase;
			buildActionMask = 2147483647;
			files = (
				FA2B611E201FC106001DD8F2 /* twoButtonAppEricWTests.swift in Sources */,
			);
			runOnlyForDeploymentPostprocessing = 0;
		};
		FA2B6120201FC106001DD8F2 /* Sources */ = {
			isa = PBXSourcesBuildPhase;
			buildActionMask = 2147483647;
			files = (
				FA2B6129201FC106001DD8F2 /* twoButtonAppEricWUITests.swift in Sources */,
			);
			runOnlyForDeploymentPostprocessing = 0;
		};
/* End PBXSourcesBuildPhase section */

/* Begin PBXTargetDependency section */
		FA2B611B201FC106001DD8F2 /* PBXTargetDependency */ = {
			isa = PBXTargetDependency;
			target = FA2B6101201FC105001DD8F2 /* twoButtonAppEricW */;
			targetProxy = FA2B611A201FC106001DD8F2 /* PBXContainerItemProxy */;
		};
		FA2B6126201FC106001DD8F2 /* PBXTargetDependency */ = {
			isa = PBXTargetDependency;
			target = FA2B6101201FC105001DD8F2 /* twoButtonAppEricW */;
			targetProxy = FA2B6125201FC106001DD8F2 /* PBXContainerItemProxy */;
		};
/* End PBXTargetDependency section */

/* Begin PBXVariantGroup section */
		FA2B6109201FC106001DD8F2 /* Main.storyboard */ = {
			isa = PBXVariantGroup;
			children = (
				FA2B610A201FC106001DD8F2 /* Base */,
			);
			name = Main.storyboard;
			sourceTree = "<group>";
		};
		FA2B6111201FC106001DD8F2 /* LaunchScreen.storyboard */ = {
			isa = PBXVariantGroup;
			children = (
				FA2B6112201FC106001DD8F2 /* Base */,
			);
			name = LaunchScreen.storyboard;
			sourceTree = "<group>";
		};
/* End PBXVariantGroup section */

/* Begin XCBuildConfiguration section */
		FA2B612B201FC106001DD8F2 /* Debug */ = {
			isa = XCBuildConfiguration;
			buildSettings = {
				ALWAYS_SEARCH_USER_PATHS = NO;
				CLANG_ANALYZER_NONNULL = YES;
				CLANG_ANALYZER_NUMBER_OBJECT_CONVERSION = YES_AGGRESSIVE;
				CLANG_CXX_LANGUAGE_STANDARD = "gnu++14";
				CLANG_CXX_LIBRARY = "libc++";
				CLANG_ENABLE_MODULES = YES;
				CLANG_ENABLE_OBJC_ARC = YES;
				CLANG_WARN_BLOCK_CAPTURE_AUTORELEASING = YES;
				CLANG_WARN_BOOL_CONVERSION = YES;
				CLANG_WARN_COMMA = YES;
				CLANG_WARN_CONSTANT_CONVERSION = YES;
				CLANG_WARN_DIRECT_OBJC_ISA_USAGE = YES_ERROR;
				CLANG_WARN_DOCUMENTATION_COMMENTS = YES;
				CLANG_WARN_EMPTY_BODY = YES;
				CLANG_WARN_ENUM_CONVERSION = YES;
				CLANG_WARN_INFINITE_RECURSION = YES;
				CLANG_WARN_INT_CONVERSION = YES;
				CLANG_WARN_NON_LITERAL_NULL_CONVERSION = YES;
				CLANG_WARN_OBJC_LITERAL_CONVERSION = YES;
				CLANG_WARN_OBJC_ROOT_CLASS = YES_ERROR;
				CLANG_WARN_RANGE_LOOP_ANALYSIS = YES;
				CLANG_WARN_STRICT_PROTOTYPES = YES;
				CLANG_WARN_SUSPICIOUS_MOVE = YES;
				CLANG_WARN_UNGUARDED_AVAILABILITY = YES_AGGRESSIVE;
				CLANG_WARN_UNREACHABLE_CODE = YES;
				CLANG_WARN__DUPLICATE_METHOD_MATCH = YES;
				CODE_SIGN_IDENTITY = "iPhone Developer";
				COPY_PHASE_STRIP = NO;
				DEBUG_INFORMATION_FORMAT = dwarf;
				ENABLE_STRICT_OBJC_MSGSEND = YES;
				ENABLE_TESTABILITY = YES;
				GCC_C_LANGUAGE_STANDARD = gnu11;
				GCC_DYNAMIC_NO_PIC = NO;
				GCC_NO_COMMON_BLOCKS = YES;
				GCC_OPTIMIZATION_LEVEL = 0;
				GCC_PREPROCESSOR_DEFINITIONS = (
					"DEBUG=1",
					"$(inherited)",
				);
				GCC_WARN_64_TO_32_BIT_CONVERSION = YES;
				GCC_WARN_ABOUT_RETURN_TYPE = YES_ERROR;
				GCC_WARN_UNDECLARED_SELECTOR = YES;
				GCC_WARN_UNINITIALIZED_AUTOS = YES_AGGRESSIVE;
				GCC_WARN_UNUSED_FUNCTION = YES;
				GCC_WARN_UNUSED_VARIABLE = YES;
				IPHONEOS_DEPLOYMENT_TARGET = 11.2;
				MTL_ENABLE_DEBUG_INFO = YES;
				ONLY_ACTIVE_ARCH = YES;
				SDKROOT = iphoneos;
				SWIFT_ACTIVE_COMPILATION_CONDITIONS = DEBUG;
				SWIFT_OPTIMIZATION_LEVEL = "-Onone";
			};
			name = Debug;
		};
		FA2B612C201FC106001DD8F2 /* Release */ = {
			isa = XCBuildConfiguration;
			buildSettings = {
				ALWAYS_SEARCH_USER_PATHS = NO;
				CLANG_ANALYZER_NONNULL = YES;
				CLANG_ANALYZER_NUMBER_OBJECT_CONVERSION = YES_AGGRESSIVE;
				CLANG_CXX_LANGUAGE_STANDARD = "gnu++14";
				CLANG_CXX_LIBRARY = "libc++";
				CLANG_ENABLE_MODULES = YES;
				CLANG_ENABLE_OBJC_ARC = YES;
				CLANG_WARN_BLOCK_CAPTURE_AUTORELEASING = YES;
				CLANG_WARN_BOOL_CONVERSION = YES;
				CLANG_WARN_COMMA = YES;
				CLANG_WARN_CONSTANT_CONVERSION = YES;
				CLANG_WARN_DIRECT_OBJC_ISA_USAGE = YES_ERROR;
				CLANG_WARN_DOCUMENTATION_COMMENTS = YES;
				CLANG_WARN_EMPTY_BODY = YES;
				CLANG_WARN_ENUM_CONVERSION = YES;
				CLANG_WARN_INFINITE_RECURSION = YES;
				CLANG_WARN_INT_CONVERSION = YES;
				CLANG_WARN_NON_LITERAL_NULL_CONVERSION = YES;
				CLANG_WARN_OBJC_LITERAL_CONVERSION = YES;
				CLANG_WARN_OBJC_ROOT_CLASS = YES_ERROR;
				CLANG_WARN_RANGE_LOOP_ANALYSIS = YES;
				CLANG_WARN_STRICT_PROTOTYPES = YES;
				CLANG_WARN_SUSPICIOUS_MOVE = YES;
				CLANG_WARN_UNGUARDED_AVAILABILITY = YES_AGGRESSIVE;
				CLANG_WARN_UNREACHABLE_CODE = YES;
				CLANG_WARN__DUPLICATE_METHOD_MATCH = YES;
				CODE_SIGN_IDENTITY = "iPhone Developer";
				COPY_PHASE_STRIP = NO;
				DEBUG_INFORMATION_FORMAT = "dwarf-with-dsym";
				ENABLE_NS_ASSERTIONS = NO;
				ENABLE_STRICT_OBJC_MSGSEND = YES;
				GCC_C_LANGUAGE_STANDARD = gnu11;
				GCC_NO_COMMON_BLOCKS = YES;
				GCC_WARN_64_TO_32_BIT_CONVERSION = YES;
				GCC_WARN_ABOUT_RETURN_TYPE = YES_ERROR;
				GCC_WARN_UNDECLARED_SELECTOR = YES;
				GCC_WARN_UNINITIALIZED_AUTOS = YES_AGGRESSIVE;
				GCC_WARN_UNUSED_FUNCTION = YES;
				GCC_WARN_UNUSED_VARIABLE = YES;
				IPHONEOS_DEPLOYMENT_TARGET = 11.2;
				MTL_ENABLE_DEBUG_INFO = NO;
				SDKROOT = iphoneos;
				SWIFT_OPTIMIZATION_LEVEL = "-Owholemodule";
				VALIDATE_PRODUCT = YES;
			};
			name = Release;
		};
		FA2B612E201FC106001DD8F2 /* Debug */ = {
			isa = XCBuildConfiguration;
			buildSettings = {
				ASSETCATALOG_COMPILER_APPICON_NAME = AppIcon;
				CODE_SIGN_STYLE = Automatic;
				DEVELOPMENT_TEAM = NX7C2QWX95;
				INFOPLIST_FILE = twoButtonAppEricW/Info.plist;
				LD_RUNPATH_SEARCH_PATHS = "$(inherited) @executable_path/Frameworks";
				PRODUCT_BUNDLE_IDENTIFIER = com.ewitowski.twoButtonAppEricW;
				PRODUCT_NAME = "$(TARGET_NAME)";
				SWIFT_VERSION = 4.0;
				TARGETED_DEVICE_FAMILY = "1,2";
			};
			name = Debug;
		};
		FA2B612F201FC106001DD8F2 /* Release */ = {
			isa = XCBuildConfiguration;
			buildSettings = {
				ASSETCATALOG_COMPILER_APPICON_NAME = AppIcon;
				CODE_SIGN_STYLE = Automatic;
				DEVELOPMENT_TEAM = NX7C2QWX95;
				INFOPLIST_FILE = twoButtonAppEricW/Info.plist;
				LD_RUNPATH_SEARCH_PATHS = "$(inherited) @executable_path/Frameworks";
				PRODUCT_BUNDLE_IDENTIFIER = com.ewitowski.twoButtonAppEricW;
				PRODUCT_NAME = "$(TARGET_NAME)";
				SWIFT_VERSION = 4.0;
				TARGETED_DEVICE_FAMILY = "1,2";
			};
			name = Release;
		};
		FA2B6131201FC106001DD8F2 /* Debug */ = {
			isa = XCBuildConfiguration;
			buildSettings = {
				ALWAYS_EMBED_SWIFT_STANDARD_LIBRARIES = YES;
				BUNDLE_LOADER = "$(TEST_HOST)";
				CODE_SIGN_STYLE = Automatic;
				INFOPLIST_FILE = twoButtonAppEricWTests/Info.plist;
				LD_RUNPATH_SEARCH_PATHS = "$(inherited) @executable_path/Frameworks @loader_path/Frameworks";
				PRODUCT_BUNDLE_IDENTIFIER = com.ewitowski.twoButtonAppEricWTests;
				PRODUCT_NAME = "$(TARGET_NAME)";
				SWIFT_VERSION = 4.0;
				TARGETED_DEVICE_FAMILY = "1,2";
				TEST_HOST = "$(BUILT_PRODUCTS_DIR)/twoButtonAppEricW.app/twoButtonAppEricW";
			};
			name = Debug;
		};
		FA2B6132201FC106001DD8F2 /* Release */ = {
			isa = XCBuildConfiguration;
			buildSettings = {
				ALWAYS_EMBED_SWIFT_STANDARD_LIBRARIES = YES;
				BUNDLE_LOADER = "$(TEST_HOST)";
				CODE_SIGN_STYLE = Automatic;
				INFOPLIST_FILE = twoButtonAppEricWTests/Info.plist;
				LD_RUNPATH_SEARCH_PATHS = "$(inherited) @executable_path/Frameworks @loader_path/Frameworks";
				PRODUCT_BUNDLE_IDENTIFIER = com.ewitowski.twoButtonAppEricWTests;
				PRODUCT_NAME = "$(TARGET_NAME)";
				SWIFT_VERSION = 4.0;
				TARGETED_DEVICE_FAMILY = "1,2";
				TEST_HOST = "$(BUILT_PRODUCTS_DIR)/twoButtonAppEricW.app/twoButtonAppEricW";
			};
			name = Release;
		};
		FA2B6134201FC106001DD8F2 /* Debug */ = {
			isa = XCBuildConfiguration;
			buildSettings = {
				ALWAYS_EMBED_SWIFT_STANDARD_LIBRARIES = YES;
				CODE_SIGN_STYLE = Automatic;
				INFOPLIST_FILE = twoButtonAppEricWUITests/Info.plist;
				LD_RUNPATH_SEARCH_PATHS = "$(inherited) @executable_path/Frameworks @loader_path/Frameworks";
				PRODUCT_BUNDLE_IDENTIFIER = com.ewitowski.twoButtonAppEricWUITests;
				PRODUCT_NAME = "$(TARGET_NAME)";
				SWIFT_VERSION = 4.0;
				TARGETED_DEVICE_FAMILY = "1,2";
				TEST_TARGET_NAME = twoButtonAppEricW;
			};
			name = Debug;
		};
		FA2B6135201FC106001DD8F2 /* Release */ = {
			isa = XCBuildConfiguration;
			buildSettings = {
				ALWAYS_EMBED_SWIFT_STANDARD_LIBRARIES = YES;
				CODE_SIGN_STYLE = Automatic;
				INFOPLIST_FILE = twoButtonAppEricWUITests/Info.plist;
				LD_RUNPATH_SEARCH_PATHS = "$(inherited) @executable_path/Frameworks @loader_path/Frameworks";
				PRODUCT_BUNDLE_IDENTIFIER = com.ewitowski.twoButtonAppEricWUITests;
				PRODUCT_NAME = "$(TARGET_NAME)";
				SWIFT_VERSION = 4.0;
				TARGETED_DEVICE_FAMILY = "1,2";
				TEST_TARGET_NAME = twoButtonAppEricW;
			};
			name = Release;
		};
/* End XCBuildConfiguration section */

/* Begin XCConfigurationList section */
		FA2B60FD201FC105001DD8F2 /* Build configuration list for PBXProject "twoButtonAppEricW" */ = {
			isa = XCConfigurationList;
			buildConfigurations = (
				FA2B612B201FC106001DD8F2 /* Debug */,
				FA2B612C201FC106001DD8F2 /* Release */,
			);
			defaultConfigurationIsVisible = 0;
			defaultConfigurationName = Release;
		};
		FA2B612D201FC106001DD8F2 /* Build configuration list for PBXNativeTarget "twoButtonAppEricW" */ = {
			isa = XCConfigurationList;
			buildConfigurations = (
				FA2B612E201FC106001DD8F2 /* Debug */,
				FA2B612F201FC106001DD8F2 /* Release */,
			);
			defaultConfigurationIsVisible = 0;
			defaultConfigurationName = Release;
		};
		FA2B6130201FC106001DD8F2 /* Build configuration list for PBXNativeTarget "twoButtonAppEricWTests" */ = {
			isa = XCConfigurationList;
			buildConfigurations = (
				FA2B6131201FC106001DD8F2 /* Debug */,
				FA2B6132201FC106001DD8F2 /* Release */,
			);
			defaultConfigurationIsVisible = 0;
			defaultConfigurationName = Release;
		};
		FA2B6133201FC106001DD8F2 /* Build configuration list for PBXNativeTarget "twoButtonAppEricWUITests" */ = {
			isa = XCConfigurationList;
			buildConfigurations = (
				FA2B6134201FC106001DD8F2 /* Debug */,
				FA2B6135201FC106001DD8F2 /* Release */,
			);
			defaultConfigurationIsVisible = 0;
			defaultConfigurationName = Release;
		};
/* End XCConfigurationList section */

/* Begin XCVersionGroup section */
		FA2B610C201FC106001DD8F2 /* twoButtonAppEricW.xcdatamodeld */ = {
			isa = XCVersionGroup;
			children = (
				FA2B610D201FC106001DD8F2 /* twoButtonAppEricW.xcdatamodel */,
			);
			currentVersion = FA2B610D201FC106001DD8F2 /* twoButtonAppEricW.xcdatamodel */;
			path = twoButtonAppEricW.xcdatamodeld;
			sourceTree = "<group>";
			versionGroupType = wrapper.xcdatamodel;
		};
/* End XCVersionGroup section */
	};
	rootObject = FA2B60FA201FC105001DD8F2 /* Project object */;
}
